
Microsoft Visual Studio Solution File, Format Version 12.00
# Visual Studio Version 17
VisualStudioVersion = 17.8.34330.188
MinimumVisualStudioVersion = 10.0.40219.1
Project("{FAE04EC0-301F-11D3-BF4B-00C04F79EFBC}") = "RestaurantReservation.API", "RestaurantReservation.API\RestaurantReservation.API.csproj", "{13F63E52-20DF-485A-B3C5-D9D29B913C9C}"
EndProject
Project("{FAE04EC0-301F-11D3-BF4B-00C04F79EFBC}") = "RestaurantReservation.Core", "RestaurantReservation.Core\RestaurantReservation.Core\RestaurantReservation.Core.csproj", "{98216E1A-166B-418C-9900-EBFF94A86AC8}"
EndProject
Project("{FAE04EC0-301F-11D3-BF4B-00C04F79EFBC}") = "RestaurantReservation.Domain", "RestaurantReservation.Domain\RestaurantReservation.Domain.csproj", "{C747D4E1-98C8-4BE2-B694-FAEE0271969C}"
EndProject
Project("{FAE04EC0-301F-11D3-BF4B-00C04F79EFBC}") = "RestaurantReservation.Infrustructure", "RestaurantReservation.Infrustructure\RestaurantReservation.Infrustructure.csproj", "{C737061E-9650-4668-BF33-DEE2F330E0B2}"
EndProject
Project("{FAE04EC0-301F-11D3-BF4B-00C04F79EFBC}") = "RestaurantReservation.Services", "RestaurantReservation.Services\RestaurantReservation.Services.csproj", "{7C9A305B-DA1A-4668-B40A-22EC231755EC}"
EndProject
Global
	GlobalSection(SolutionConfigurationPlatforms) = preSolution
		Debug|Any CPU = Debug|Any CPU
		Release|Any CPU = Release|Any CPU
	EndGlobalSection
	GlobalSection(ProjectConfigurationPlatforms) = postSolution
		{13F63E52-20DF-485A-B3C5-D9D29B913C9C}.Debug|Any CPU.ActiveCfg = Debug|Any CPU
		{13F63E52-20DF-485A-B3C5-D9D29B913C9C}.Debug|Any CPU.Build.0 = Debug|Any CPU
		{13F63E52-20DF-485A-B3C5-D9D29B913C9C}.Release|Any CPU.ActiveCfg = Release|Any CPU
		{13F63E52-20DF-485A-B3C5-D9D29B913C9C}.Release|Any CPU.Build.0 = Release|Any CPU
		{98216E1A-166B-418C-9900-EBFF94A86AC8}.Debug|Any CPU.ActiveCfg = Debug|Any CPU
		{98216E1A-166B-418C-9900-EBFF94A86AC8}.Debug|Any CPU.Build.0 = Debug|Any CPU
		{98216E1A-166B-418C-9900-EBFF94A86AC8}.Release|Any CPU.ActiveCfg = Release|Any CPU
		{98216E1A-166B-418C-9900-EBFF94A86AC8}.Release|Any CPU.Build.0 = Release|Any CPU
		{C747D4E1-98C8-4BE2-B694-FAEE0271969C}.Debug|Any CPU.ActiveCfg = Debug|Any CPU
		{C747D4E1-98C8-4BE2-B694-FAEE0271969C}.Debug|Any CPU.Build.0 = Debug|Any CPU
		{C747D4E1-98C8-4BE2-B694-FAEE0271969C}.Release|Any CPU.ActiveCfg = Release|Any CPU
		{C747D4E1-98C8-4BE2-B694-FAEE0271969C}.Release|Any CPU.Build.0 = Release|Any CPU
		{C737061E-9650-4668-BF33-DEE2F330E0B2}.Debug|Any CPU.ActiveCfg = Debug|Any CPU
		{C737061E-9650-4668-BF33-DEE2F330E0B2}.Debug|Any CPU.Build.0 = Debug|Any CPU
		{C737061E-9650-4668-BF33-DEE2F330E0B2}.Release|Any CPU.ActiveCfg = Release|Any CPU
		{C737061E-9650-4668-BF33-DEE2F330E0B2}.Release|Any CPU.Build.0 = Release|Any CPU
		{7C9A305B-DA1A-4668-B40A-22EC231755EC}.Debug|Any CPU.ActiveCfg = Debug|Any CPU
		{7C9A305B-DA1A-4668-B40A-22EC231755EC}.Debug|Any CPU.Build.0 = Debug|Any CPU
		{7C9A305B-DA1A-4668-B40A-22EC231755EC}.Release|Any CPU.ActiveCfg = Release|Any CPU
		{7C9A305B-DA1A-4668-B40A-22EC231755EC}.Release|Any CPU.Build.0 = Release|Any CPU
	EndGlobalSection
	GlobalSection(SolutionProperties) = preSolution
		HideSolutionNode = FALSE
	EndGlobalSection
	GlobalSection(ExtensibilityGlobals) = postSolution
		SolutionGuid = {5D4043AD-EEC6-406F-B288-8EDD44E09077}
	EndGlobalSection
EndGlobal
